PODS:
  - Alamofire (5.10.2)
  - AppAuth (2.0.0):
    - AppAuth/Core (= 2.0.0)
    - AppAuth/ExternalUserAgent (= 2.0.0)
  - AppAuth/Core (2.0.0)
  - AppAuth/ExternalUserAgent (2.0.0):
    - AppAuth/Core
  - AppCheckCore (11.2.0):
    - GoogleUtilities/Environment (~> 8.0)
    - GoogleUtilities/UserDefaults (~> 8.0)
    - PromisesObjC (~> 2.4)
  - AppsflyerCapacitorPlugin (6.18.0):
    - AppsFlyerFramework (= 6.18.0)
    - Capacitor
  - AppsFlyerFramework (6.18.0):
    - AppsFlyerFramework/Main (= 6.18.0)
  - AppsFlyerFramework/Main (6.18.0)
  - Capacitor (8.3.4):
    - CapacitorCordova
  - CapacitorApp (8.1.0):
    - Capacitor
  - CapacitorBrowser (8.0.3):
    - Capacitor
  - CapacitorCordova (8.3.4)
  - CapacitorFilesystem (8.1.2):
    - Capacitor
    - IONFilesystemLib (~> 1.1.1)
  - CapacitorHaptics (8.0.2):
    - Capacitor
  - CapacitorKeyboard (8.0.5):
    - Capacitor
  - CapacitorLocalNotifications (8.2.0):
    - Capacitor
  - CapacitorPushNotifications (8.1.1):
    - Capacitor
  - CapacitorShare (8.0.1):
    - Capacitor
  - CapacitorStatusBar (8.0.2):
    - Capacitor
  - CapawesomeCapacitorAppReview (8.0.1):
    - Capacitor
  - CapgoCapacitorSocialLogin (8.3.22):
    - Alamofire (~> 5.10.2)
    - Capacitor
    - FBSDKCoreKit (~> 18.0)
    - FBSDKLoginKit (~> 18.0)
    - GoogleSignIn (~> 9.0.0)
  - FBAEMKit (18.0.3):
    - FBSDKCoreKit_Basics (= 18.0.3)
  - FBSDKCoreKit (18.0.3):
    - FBAEMKit (= 18.0.3)
    - FBSDKCoreKit_Basics (= 18.0.3)
  - FBSDKCoreKit_Basics (18.0.3)
  - FBSDKLoginKit (18.0.3):
    - FBSDKCoreKit (= 18.0.3)
  - GoogleSignIn (9.0.0):
    - AppAuth (~> 2.0)
    - AppCheckCore (~> 11.0)
    - GTMAppAuth (~> 5.0)
    - GTMSessionFetcher/Core (~> 3.3)
  - GoogleUtilities/Environment (8.1.0):
    - GoogleUtilities/Privacy
  - GoogleUtilities/Logger (8.1.0):
    - GoogleUtilities/Environment
    - GoogleUtilities/Privacy
  - GoogleUtilities/Privacy (8.1.0)
  - GoogleUtilities/UserDefaults (8.1.0):
    - GoogleUtilities/Logger
    - GoogleUtilities/Privacy
  - GTMAppAuth (5.0.0):
    - AppAuth/Core (~> 2.0)
    - GTMSessionFetcher/Core (< 4.0, >= 3.3)
  - GTMSessionFetcher/Core (3.5.0)
  - IONFilesystemLib (1.1.2)
  - PromisesObjC (2.4.0)
  - PurchasesHybridCommon (17.25.0):
    - RevenueCat (= 5.51.1)
  - PurchasesHybridCommonUI (17.25.0):
    - PurchasesHybridCommon (= 17.25.0)
    - RevenueCatUI (= 5.51.1)
  - RevenueCat (5.51.1)
  - RevenuecatPurchasesCapacitor (11.3.2):
    - Capacitor
    - PurchasesHybridCommon (= 17.25.0)
  - RevenuecatPurchasesCapacitorUi (11.3.2):
    - Capacitor
    - PurchasesHybridCommonUI (= 17.25.0)
  - RevenueCatUI (5.51.1):
    - RevenueCat (= 5.51.1)

DEPENDENCIES:
  - AppsflyerCapacitorPlugin (from `../../node_modules/appsflyer-capacitor-plugin`)
  - "Capacitor (from `../../node_modules/@capacitor/ios`)"
  - "CapacitorApp (from `../../node_modules/@capacitor/app`)"
  - "CapacitorBrowser (from `../../node_modules/@capacitor/browser`)"
  - "CapacitorCordova (from `../../node_modules/@capacitor/ios`)"
  - "CapacitorFilesystem (from `../../node_modules/@capacitor/filesystem`)"
  - "CapacitorHaptics (from `../../node_modules/@capacitor/haptics`)"
  - "CapacitorKeyboard (from `../../node_modules/@capacitor/keyboard`)"
  - "CapacitorLocalNotifications (from `../../node_modules/@capacitor/local-notifications`)"
  - "CapacitorPushNotifications (from `../../node_modules/@capacitor/push-notifications`)"
  - "CapacitorShare (from `../../node_modules/@capacitor/share`)"
  - "CapacitorStatusBar (from `../../node_modules/@capacitor/status-bar`)"
  - "CapawesomeCapacitorAppReview (from `../../node_modules/@capawesome/capacitor-app-review`)"
  - "CapgoCapacitorSocialLogin (from `../../node_modules/@capgo/capacitor-social-login`)"
  - "RevenuecatPurchasesCapacitor (from `../../node_modules/@revenuecat/purchases-capacitor`)"
  - "RevenuecatPurchasesCapacitorUi (from `../../node_modules/@revenuecat/purchases-capacitor-ui`)"

SPEC REPOS:
  trunk:
    - Alamofire
    - AppAuth
    - AppCheckCore
    - AppsFlyerFramework
    - FBAEMKit
    - FBSDKCoreKit
    - FBSDKCoreKit_Basics
    - FBSDKLoginKit
    - GoogleSignIn
    - GoogleUtilities
    - GTMAppAuth
    - GTMSessionFetcher
    - IONFilesystemLib
    - PromisesObjC
    - PurchasesHybridCommon
    - PurchasesHybridCommonUI
    - RevenueCat
    - RevenueCatUI

EXTERNAL SOURCES:
  AppsflyerCapacitorPlugin:
    :path: "../../node_modules/appsflyer-capacitor-plugin"
  Capacitor:
    :path: "../../node_modules/@capacitor/ios"
  CapacitorApp:
    :path: "../../node_modules/@capacitor/app"
  CapacitorBrowser:
    :path: "../../node_modules/@capacitor/browser"
  CapacitorCordova:
    :path: "../../node_modules/@capacitor/ios"
  CapacitorFilesystem:
    :path: "../../node_modules/@capacitor/filesystem"
  CapacitorHaptics:
    :path: "../../node_modules/@capacitor/haptics"
  CapacitorKeyboard:
    :path: "../../node_modules/@capacitor/keyboard"
  CapacitorLocalNotifications:
    :path: "../../node_modules/@capacitor/local-notifications"
  CapacitorPushNotifications:
    :path: "../../node_modules/@capacitor/push-notifications"
  CapacitorShare:
    :path: "../../node_modules/@capacitor/share"
  CapacitorStatusBar:
    :path: "../../node_modules/@capacitor/status-bar"
  CapawesomeCapacitorAppReview:
    :path: "../../node_modules/@capawesome/capacitor-app-review"
  CapgoCapacitorSocialLogin:
    :path: "../../node_modules/@capgo/capacitor-social-login"
  RevenuecatPurchasesCapacitor:
    :path: "../../node_modules/@revenuecat/purchases-capacitor"
  RevenuecatPurchasesCapacitorUi:
    :path: "../../node_modules/@revenuecat/purchases-capacitor-ui"

SPEC CHECKSUMS:
  Alamofire: 7193b3b92c74a07f85569e1a6c4f4237291e7496
  AppAuth: 1c1a8afa7e12f2ec3a294d9882dfa5ab7d3cb063
  AppCheckCore: cc8fd0a3a230ddd401f326489c99990b013f0c4f
  AppsflyerCapacitorPlugin: cfbe712651f418736d319ab9106fd1c75d56d2db
  AppsFlyerFramework: c1e1e4cd3b98ffdca2fe32b17ae93909e409b6ab
  Capacitor: d13cad5fa09155679672808cc4ca9fbc2997e1b4
  CapacitorApp: 449ffe26375e96f8aaaee625ac6e01e5c57c8650
  CapacitorBrowser: c987c73d09d8bd3b5ec13f06338b1e14d5d2be69
  CapacitorCordova: c07921bdcfec6f691bae22274446b4d606ebf6a4
  CapacitorFilesystem: 2db285a1ac6e475cc27cae2e1bea999000f9e2be
  CapacitorHaptics: 296f771ecd89c7a1bd92a7b6826a7d268e2e70f5
  CapacitorKeyboard: b6b0744890cdb1d9a96e2cafcc9253fdcc55de3b
  CapacitorLocalNotifications: 2615aa008f608b95d3921a778ee1988abf1e6148
  CapacitorPushNotifications: ec08d589c226a2c0db7c032ec1bf5b044ec85f8e
  CapacitorShare: 0c58305114538568059bfc07111f22dcb9cb2a82
  CapacitorStatusBar: 01d5763b4ed720de5ce2edbc938de6a98f4c8f32
  CapawesomeCapacitorAppReview: 73b307a15e5052ecbaa3126ddae25e8bfa82fad1
  CapgoCapacitorSocialLogin: a25bcdc64bb0ae816e1e37f2e28012e1ca52210a
  FBAEMKit: 2a6b529993713c185b02bc36f8c91129bf78dfb0
  FBSDKCoreKit: 65d7f7a7d6fcc3aa6eb6e093ec737a4184fc6049
  FBSDKCoreKit_Basics: 7bc9d8fde8f70985fba2ed7c1d07e319f969a991
  FBSDKLoginKit: 66d20fcb7afcafc0c420477662f96845cd1a5179
  GoogleSignIn: c7f09cfbc85a1abf69187be091997c317cc33b77
  GoogleUtilities: 00c88b9a86066ef77f0da2fab05f65d7768ed8e1
  GTMAppAuth: 217a876b249c3c585a54fd6f73e6b58c4f5c4238
  GTMSessionFetcher: 5aea5ba6bd522a239e236100971f10cb71b96ab6
  IONFilesystemLib: 21a63377696b2d8fab5632ecfb7d2ac67bddb68a
  PromisesObjC: f5707f49cb48b9636751c5b2e7d227e43fba9f47
  PurchasesHybridCommon: 6a79a873ab52f777bfa36e9516f3fcd84d3b3428
  PurchasesHybridCommonUI: 3c1f78addfb3f470713548b4eac8c59254d0efe6
  RevenueCat: eab035bbab271faccfef5c36eaff2a1ffef14dc0
  RevenuecatPurchasesCapacitor: fa376932f9967c7ab4b5eac477e824d90393b91a
  RevenuecatPurchasesCapacitorUi: 969baeb81228e051e2b9e3e764f86f577e73a4b9
  RevenueCatUI: c6acb3648fa58ccb4f0f178556ed0278b796234f

PODFILE CHECKSUM: c82aebc6816f49c4cfb1044b3502a3647329b2ff

COCOAPODS: 1.16.2
